
Microsoft Visual Studio Solution File, Format Version 12.00
# Visual Studio Version 16
VisualStudioVersion = 16.0.29613.14
MinimumVisualStudioVersion = 10.0.40219.1
Project("{FAE04EC0-301F-11D3-BF4B-00C04F79EFBC}") = "WindowsFormsApplication1", "WindowsFormsApplication1.csproj", "{575B677F-8C30-4B50-B649-75CE80EF774E}"
EndProject
Global
	GlobalSection(SolutionConfigurationPlatforms) = preSolution
		Debug|Any CPU = Debug|Any CPU
		Release|Any CPU = Release|Any CPU
	EndGlobalSection
	GlobalSection(ProjectConfigurationPlatforms) = postSolution
		{575B677F-8C30-4B50-B649-75CE80EF774E}.Debug|Any CPU.ActiveCfg = Debug|Any CPU
		{575B677F-8C30-4B50-B649-75CE80EF774E}.Debug|Any CPU.Build.0 = Debug|Any CPU
		{575B677F-8C30-4B50-B649-75CE80EF774E}.Release|Any CPU.ActiveCfg = Release|Any CPU
		{575B677F-8C30-4B50-B649-75CE80EF774E}.Release|Any CPU.Build.0 = Release|Any CPU
	EndGlobalSection
	GlobalSection(SolutionProperties) = preSolution
		HideSolutionNode = FALSE
	EndGlobalSection
	GlobalSection(ExtensibilityGlobals) = postSolution
		SolutionGuid = {96554921-2474-490C-93D9-C0D81FE31C23}
	EndGlobalSection
EndGlobal
